# THIS IS AN AUTOGENERATED FILE. DO NOT EDIT THIS FILE DIRECTLY.
# yarn lockfile v1


"@playwright/test@^1.31.0":
  version "1.31.0"
  resolved "https://registry.yarnpkg.com/@playwright/test/-/test-1.31.0.tgz#bde42ca06804164be54893525110adda946248d6"
  integrity sha512-Ys5s/06Dg9g3zAIdCIb/UOBYim3U7Zjb3DvC6XBtnRmnglH5O47iwYzmtxXu9fhSyzI2Jn28apkXIOD81GgCdw==
  dependencies:
    "@types/node" "*"
    playwright-core "1.31.0"
  optionalDependencies:
    fsevents "2.3.2"

"@types/node@*":
  version "18.14.0"
  resolved "https://registry.yarnpkg.com/@types/node/-/node-18.14.0.tgz#94c47b9217bbac49d4a67a967fdcdeed89ebb7d0"
  integrity sha512-5EWrvLmglK+imbCJY0+INViFWUHg1AHel1sq4ZVSfdcNqGy9Edv3UB9IIzzg+xPaUcAgZYcfVs2fBcwDeZzU0A==

allure-js-commons@2.0.0:
  version "2.0.0"
  resolved "https://registry.yarnpkg.com/allure-js-commons/-/allure-js-commons-2.0.0.tgz#99ed4fd0fed9686402e0610b97cf62ea0547e826"
  integrity sha512-zIUwkNjsQYvJ/pC1SkgnUk9du6tJ6tF9fK1z4bEm+oyJJPALvgqNeERTtkQI3PNAKwQdEMluZ+FqFn8I7lrt+A==
  dependencies:
    properties "^1.2.1"
    uuid "^8.3.0"

allure-playwright@^2.0.0:
  version "2.0.0"
  resolved "https://registry.yarnpkg.com/allure-playwright/-/allure-playwright-2.0.0.tgz#546f8fd865fa42f929d3146ec9c4cbbd2643689c"
  integrity sha512-uBdtmwMHIqZD0hHCe+SWTfcXVjFv0TZBAR/GYRu6JK6XYo0DPJdZicogCK2g/LK1hUzv0d/e0Wt5ZUepqARSZw==
  dependencies:
    allure-js-commons "2.0.0"

dotenv@^16.0.3:
  version "16.0.3"
  resolved "https://registry.yarnpkg.com/dotenv/-/dotenv-16.0.3.tgz#115aec42bac5053db3c456db30cc243a5a836a07"
  integrity sha512-7GO6HghkA5fYG9TYnNxi14/7K9f5occMlp3zXAuSxn7CKCxt9xbNWG7yF8hTCSUchlfWSe3uLmlPfigevRItzQ==

fsevents@2.3.2:
  version "2.3.2"
  resolved "https://registry.yarnpkg.com/fsevents/-/fsevents-2.3.2.tgz#8a526f78b8fdf4623b709e0b975c52c24c02fd1a"
  integrity sha512-xiqMQR4xAeHTuB9uWm+fFRcIOgKBMiOBP+eXiyT7jsgVCq1bkVygt00oASowB7EdtpOHaaPgKt812P9ab+DDKA==

playwright-core@1.31.0:
  version "1.31.0"
  resolved "https://registry.yarnpkg.com/playwright-core/-/playwright-core-1.31.0.tgz#dbd184771535e76c6743ef5c082def5564f07e85"
  integrity sha512-/KquBjS5DcASCh8cGeNVHuC0kyb7c9plKTwaKxgOGtxT7+DZO2fjmFvPDBSXslEIK5CeOO/2kk5rOCktFXKEdA==

properties@^1.2.1:
  version "1.2.1"
  resolved "https://registry.yarnpkg.com/properties/-/properties-1.2.1.tgz#0ee97a7fc020b1a2a55b8659eda4aa8d869094bd"
  integrity sha512-qYNxyMj1JeW54i/EWEFsM1cVwxJbtgPp8+0Wg9XjNaK6VE/c4oRi6PNu5p7w1mNXEIQIjV5Wwn8v8Gz82/QzdQ==

uuid@^8.3.0:
  version "8.3.2"
  resolved "https://registry.yarnpkg.com/uuid/-/uuid-8.3.2.tgz#80d5b5ced271bb9af6c445f21a1a04c606cefbe2"
  integrity sha512-+NYs2QeMWy+GWFOEm9xnn6HCDp0l7QBD7ml8zLUmJ+93Q5NF0NocErnwkTkXVFNiX3/fpC6afS8Dhb/gz7R7eg==
